// !$*UTF8*$!
{
	archiveVersion = 1;
	classes = {
	};
	objectVersion = 50;
	objects = {

/* Begin PBXBuildFile section */
		9702BAC026CC78F4009EC1A2 /* FriendTableViewController.swift in Sources */ = {isa = PBXBuildFile; fileRef = 9702BABF26CC78F4009EC1A2 /* FriendTableViewController.swift */; };
		9702BAC226CC791C009EC1A2 /* GroupTableViewController.swift in Sources */ = {isa = PBXBuildFile; fileRef = 9702BAC126CC791C009EC1A2 /* GroupTableViewController.swift */; };
		9702BAC426CC794F009EC1A2 /* GroupSearchTableViewController.swift in Sources */ = {isa = PBXBuildFile; fileRef = 9702BAC326CC794F009EC1A2 /* GroupSearchTableViewController.swift */; };
		9702BAC626CC79C7009EC1A2 /* GalleryCollectionViewController.swift in Sources */ = {isa = PBXBuildFile; fileRef = 9702BAC526CC79C7009EC1A2 /* GalleryCollectionViewController.swift */; };
		9702BB3626D56BDB009EC1A2 /* Group.swift in Sources */ = {isa = PBXBuildFile; fileRef = 9702BB3526D56BDB009EC1A2 /* Group.swift */; };
		9702BB3B26D58466009EC1A2 /* UITableViewControllerExtension.swift in Sources */ = {isa = PBXBuildFile; fileRef = 9702BB3A26D58466009EC1A2 /* UITableViewControllerExtension.swift */; };
		9702BB3E26D61073009EC1A2 /* DefaultTableDataProtocol.swift in Sources */ = {isa = PBXBuildFile; fileRef = 9702BB3D26D61073009EC1A2 /* DefaultTableDataProtocol.swift */; };
		9702BB4026D6262F009EC1A2 /* Friend.swift in Sources */ = {isa = PBXBuildFile; fileRef = 9702BB3F26D6262F009EC1A2 /* Friend.swift */; };
		9702BB4326D69E70009EC1A2 /* GalleryCollectionViewCell.swift in Sources */ = {isa = PBXBuildFile; fileRef = 9702BB4226D69E70009EC1A2 /* GalleryCollectionViewCell.swift */; };
		975C832E26D9701D001A8D80 /* FriendTableViewCell.swift in Sources */ = {isa = PBXBuildFile; fileRef = 975C832D26D9701D001A8D80 /* FriendTableViewCell.swift */; };
		975C833026D992A9001A8D80 /* UIViewShadow.swift in Sources */ = {isa = PBXBuildFile; fileRef = 975C832F26D992A9001A8D80 /* UIViewShadow.swift */; };
		975C833226D99667001A8D80 /* UIViewClip.swift in Sources */ = {isa = PBXBuildFile; fileRef = 975C833126D99667001A8D80 /* UIViewClip.swift */; };
		975C833726E404B8001A8D80 /* GroupTableHeader.swift in Sources */ = {isa = PBXBuildFile; fileRef = 975C833626E404B8001A8D80 /* GroupTableHeader.swift */; };
		97F6266926C6AD33001786F2 /* AppDelegate.swift in Sources */ = {isa = PBXBuildFile; fileRef = 97F6266826C6AD33001786F2 /* AppDelegate.swift */; };
		97F6266B26C6AD33001786F2 /* SceneDelegate.swift in Sources */ = {isa = PBXBuildFile; fileRef = 97F6266A26C6AD33001786F2 /* SceneDelegate.swift */; };
		97F6266D26C6AD33001786F2 /* LoginViewController.swift in Sources */ = {isa = PBXBuildFile; fileRef = 97F6266C26C6AD33001786F2 /* LoginViewController.swift */; };
		97F6267026C6AD33001786F2 /* Main.storyboard in Resources */ = {isa = PBXBuildFile; fileRef = 97F6266E26C6AD33001786F2 /* Main.storyboard */; };
		97F6267226C6AD35001786F2 /* Assets.xcassets in Resources */ = {isa = PBXBuildFile; fileRef = 97F6267126C6AD35001786F2 /* Assets.xcassets */; };
		97F6267526C6AD35001786F2 /* LaunchScreen.storyboard in Resources */ = {isa = PBXBuildFile; fileRef = 97F6267326C6AD35001786F2 /* LaunchScreen.storyboard */; };
		97FC942226E6A9E4000046BE /* loadingIndicatorView.xib in Resources */ = {isa = PBXBuildFile; fileRef = 97FC942126E6A9E4000046BE /* loadingIndicatorView.xib */; };
		97FC942426E6AB2C000046BE /* loadingIndicatorView.swift in Sources */ = {isa = PBXBuildFile; fileRef = 97FC942326E6AB2C000046BE /* loadingIndicatorView.swift */; };
		97FC942826E6C219000046BE /* UIColor.swift in Sources */ = {isa = PBXBuildFile; fileRef = 97FC942726E6C219000046BE /* UIColor.swift */; };
		97FC942A26E81758000046BE /* UIImageView.swift in Sources */ = {isa = PBXBuildFile; fileRef = 97FC942926E81758000046BE /* UIImageView.swift */; };
		97FC943A26EAB1E6000046BE /* PhotoSliderViewController.swift in Sources */ = {isa = PBXBuildFile; fileRef = 97FC943926EAB1E6000046BE /* PhotoSliderViewController.swift */; };
/* End PBXBuildFile section */

/* Begin PBXFileReference section */
		9702BABF26CC78F4009EC1A2 /* FriendTableViewController.swift */ = {isa = PBXFileReference; lastKnownFileType = sourcecode.swift; path = FriendTableViewController.swift; sourceTree = "<group>"; };
		9702BAC126CC791C009EC1A2 /* GroupTableViewController.swift */ = {isa = PBXFileReference; lastKnownFileType = sourcecode.swift; path = GroupTableViewController.swift; sourceTree = "<group>"; };
		9702BAC326CC794F009EC1A2 /* GroupSearchTableViewController.swift */ = {isa = PBXFileReference; lastKnownFileType = sourcecode.swift; path = GroupSearchTableViewController.swift; sourceTree = "<group>"; };
		9702BAC526CC79C7009EC1A2 /* GalleryCollectionViewController.swift */ = {isa = PBXFileReference; lastKnownFileType = sourcecode.swift; path = GalleryCollectionViewController.swift; sourceTree = "<group>"; };
		9702BB3526D56BDB009EC1A2 /* Group.swift */ = {isa = PBXFileReference; lastKnownFileType = sourcecode.swift; path = Group.swift; sourceTree = "<group>"; };
		9702BB3A26D58466009EC1A2 /* UITableViewControllerExtension.swift */ = {isa = PBXFileReference; lastKnownFileType = sourcecode.swift; path = UITableViewControllerExtension.swift; sourceTree = "<group>"; };
		9702BB3D26D61073009EC1A2 /* DefaultTableDataProtocol.swift */ = {isa = PBXFileReference; lastKnownFileType = sourcecode.swift; path = DefaultTableDataProtocol.swift; sourceTree = "<group>"; };
		9702BB3F26D6262F009EC1A2 /* Friend.swift */ = {isa = PBXFileReference; lastKnownFileType = sourcecode.swift; path = Friend.swift; sourceTree = "<group>"; };
		9702BB4226D69E70009EC1A2 /* GalleryCollectionViewCell.swift */ = {isa = PBXFileReference; lastKnownFileType = sourcecode.swift; path = GalleryCollectionViewCell.swift; sourceTree = "<group>"; };
		975C832D26D9701D001A8D80 /* FriendTableViewCell.swift */ = {isa = PBXFileReference; lastKnownFileType = sourcecode.swift; path = FriendTableViewCell.swift; sourceTree = "<group>"; };
		975C832F26D992A9001A8D80 /* UIViewShadow.swift */ = {isa = PBXFileReference; lastKnownFileType = sourcecode.swift; path = UIViewShadow.swift; sourceTree = "<group>"; };
		975C833126D99667001A8D80 /* UIViewClip.swift */ = {isa = PBXFileReference; lastKnownFileType = sourcecode.swift; path = UIViewClip.swift; sourceTree = "<group>"; };
		975C833626E404B8001A8D80 /* GroupTableHeader.swift */ = {isa = PBXFileReference; lastKnownFileType = sourcecode.swift; path = GroupTableHeader.swift; sourceTree = "<group>"; };
		97F6266526C6AD33001786F2 /* app.app */ = {isa = PBXFileReference; explicitFileType = wrapper.application; includeInIndex = 0; path = app.app; sourceTree = BUILT_PRODUCTS_DIR; };
		97F6266826C6AD33001786F2 /* AppDelegate.swift */ = {isa = PBXFileReference; lastKnownFileType = sourcecode.swift; path = AppDelegate.swift; sourceTree = "<group>"; };
		97F6266A26C6AD33001786F2 /* SceneDelegate.swift */ = {isa = PBXFileReference; lastKnownFileType = sourcecode.swift; path = SceneDelegate.swift; sourceTree = "<group>"; };
		97F6266C26C6AD33001786F2 /* LoginViewController.swift */ = {isa = PBXFileReference; lastKnownFileType = sourcecode.swift; path = LoginViewController.swift; sourceTree = "<group>"; };
		97F6266F26C6AD33001786F2 /* Base */ = {isa = PBXFileReference; lastKnownFileType = file.storyboard; name = Base; path = Base.lproj/Main.storyboard; sourceTree = "<group>"; };
		97F6267126C6AD35001786F2 /* Assets.xcassets */ = {isa = PBXFileReference; lastKnownFileType = folder.assetcatalog; path = Assets.xcassets; sourceTree = "<group>"; };
		97F6267426C6AD35001786F2 /* Base */ = {isa = PBXFileReference; lastKnownFileType = file.storyboard; name = Base; path = Base.lproj/LaunchScreen.storyboard; sourceTree = "<group>"; };
		97F6267626C6AD35001786F2 /* Info.plist */ = {isa = PBXFileReference; lastKnownFileType = text.plist.xml; path = Info.plist; sourceTree = "<group>"; };
		97FC942126E6A9E4000046BE /* loadingIndicatorView.xib */ = {isa = PBXFileReference; lastKnownFileType = file.xib; path = loadingIndicatorView.xib; sourceTree = "<group>"; };
		97FC942326E6AB2C000046BE /* loadingIndicatorView.swift */ = {isa = PBXFileReference; lastKnownFileType = sourcecode.swift; path = loadingIndicatorView.swift; sourceTree = "<group>"; };
		97FC942726E6C219000046BE /* UIColor.swift */ = {isa = PBXFileReference; lastKnownFileType = sourcecode.swift; path = UIColor.swift; sourceTree = "<group>"; };
		97FC942926E81758000046BE /* UIImageView.swift */ = {isa = PBXFileReference; lastKnownFileType = sourcecode.swift; path = UIImageView.swift; sourceTree = "<group>"; };
		97FC943926EAB1E6000046BE /* PhotoSliderViewController.swift */ = {isa = PBXFileReference; lastKnownFileType = sourcecode.swift; path = PhotoSliderViewController.swift; sourceTree = "<group>"; };
/* End PBXFileReference section */

/* Begin PBXFrameworksBuildPhase section */
		97F6266226C6AD33001786F2 /* Frameworks */ = {
			isa = PBXFrameworksBuildPhase;
			buildActionMask = 2147483647;
			files = (
			);
			runOnlyForDeploymentPostprocessing = 0;
		};
/* End PBXFrameworksBuildPhase section */

/* Begin PBXGroup section */
		9702BABA26CAFE81009EC1A2 /* Controllers */ = {
			isa = PBXGroup;
			children = (
				97F6266C26C6AD33001786F2 /* LoginViewController.swift */,
				9702BABF26CC78F4009EC1A2 /* FriendTableViewController.swift */,
				9702BAC126CC791C009EC1A2 /* GroupTableViewController.swift */,
				9702BAC326CC794F009EC1A2 /* GroupSearchTableViewController.swift */,
				9702BAC526CC79C7009EC1A2 /* GalleryCollectionViewController.swift */,
				97FC943926EAB1E6000046BE /* PhotoSliderViewController.swift */,
			);
			path = Controllers;
			sourceTree = "<group>";
		};
		9702BB3426D42E1E009EC1A2 /* Models */ = {
			isa = PBXGroup;
			children = (
				9702BB3526D56BDB009EC1A2 /* Group.swift */,
				9702BB3F26D6262F009EC1A2 /* Friend.swift */,
			);
			path = Models;
			sourceTree = "<group>";
		};
		9702BB3726D579E3009EC1A2 /* Extensions */ = {
			isa = PBXGroup;
			children = (
				9702BB3A26D58466009EC1A2 /* UITableViewControllerExtension.swift */,
				975C832F26D992A9001A8D80 /* UIViewShadow.swift */,
				975C833126D99667001A8D80 /* UIViewClip.swift */,
				97FC942726E6C219000046BE /* UIColor.swift */,
				97FC942926E81758000046BE /* UIImageView.swift */,
			);
			path = Extensions;
			sourceTree = "<group>";
		};
		9702BB3C26D6102E009EC1A2 /* Protocols */ = {
			isa = PBXGroup;
			children = (
				9702BB3D26D61073009EC1A2 /* DefaultTableDataProtocol.swift */,
			);
			path = Protocols;
			sourceTree = "<group>";
		};
		9702BB4126D69E34009EC1A2 /* Views */ = {
			isa = PBXGroup;
			children = (
				9702BB4226D69E70009EC1A2 /* GalleryCollectionViewCell.swift */,
				975C832D26D9701D001A8D80 /* FriendTableViewCell.swift */,
				97FC942126E6A9E4000046BE /* loadingIndicatorView.xib */,
				97FC942326E6AB2C000046BE /* loadingIndicatorView.swift */,
			);
			path = Views;
			sourceTree = "<group>";
		};
		975C833526E4047A001A8D80 /* TableHeaders */ = {
			isa = PBXGroup;
			children = (
				975C833626E404B8001A8D80 /* GroupTableHeader.swift */,
			);
			path = TableHeaders;
			sourceTree = "<group>";
		};
		97F6265C26C6AD33001786F2 = {
			isa = PBXGroup;
			children = (
				97F6266726C6AD33001786F2 /* app */,
				97F6266626C6AD33001786F2 /* Products */,
			);
			sourceTree = "<group>";
		};
		97F6266626C6AD33001786F2 /* Products */ = {
			isa = PBXGroup;
			children = (
				97F6266526C6AD33001786F2 /* app.app */,
			);
			name = Products;
			sourceTree = "<group>";
		};
		97F6266726C6AD33001786F2 /* app */ = {
			isa = PBXGroup;
			children = (
				9702BB4126D69E34009EC1A2 /* Views */,
				9702BB3C26D6102E009EC1A2 /* Protocols */,
				9702BB3726D579E3009EC1A2 /* Extensions */,
				97F6266826C6AD33001786F2 /* AppDelegate.swift */,
				97F6266A26C6AD33001786F2 /* SceneDelegate.swift */,
				9702BB3426D42E1E009EC1A2 /* Models */,
				975C833526E4047A001A8D80 /* TableHeaders */,
				9702BABA26CAFE81009EC1A2 /* Controllers */,
				97F6266E26C6AD33001786F2 /* Main.storyboard */,
				97F6267126C6AD35001786F2 /* Assets.xcassets */,
				97F6267326C6AD35001786F2 /* LaunchScreen.storyboard */,
				97F6267626C6AD35001786F2 /* Info.plist */,
			);
			path = app;
			sourceTree = "<group>";
		};
/* End PBXGroup section */

/* Begin PBXNativeTarget section */
		97F6266426C6AD33001786F2 /* app */ = {
			isa = PBXNativeTarget;
			buildConfigurationList = 97F6267926C6AD35001786F2 /* Build configuration list for PBXNativeTarget "app" */;
			buildPhases = (
				97F6266126C6AD33001786F2 /* Sources */,
				97F6266226C6AD33001786F2 /* Frameworks */,
				97F6266326C6AD33001786F2 /* Resources */,
			);
			buildRules = (
			);
			dependencies = (
			);
			name = app;
			productName = app;
			productReference = 97F6266526C6AD33001786F2 /* app.app */;
			productType = "com.apple.product-type.application";
		};
/* End PBXNativeTarget section */

/* Begin PBXProject section */
		97F6265D26C6AD33001786F2 /* Project object */ = {
			isa = PBXProject;
			attributes = {
				LastSwiftUpdateCheck = 1250;
				LastUpgradeCheck = 1250;
				TargetAttributes = {
					97F6266426C6AD33001786F2 = {
						CreatedOnToolsVersion = 12.5.1;
					};
				};
			};
			buildConfigurationList = 97F6266026C6AD33001786F2 /* Build configuration list for PBXProject "app" */;
			compatibilityVersion = "Xcode 9.3";
			developmentRegion = en;
			hasScannedForEncodings = 0;
			knownRegions = (
				en,
				Base,
			);
			mainGroup = 97F6265C26C6AD33001786F2;
			productRefGroup = 97F6266626C6AD33001786F2 /* Products */;
			projectDirPath = "";
			projectRoot = "";
			targets = (
				97F6266426C6AD33001786F2 /* app */,
			);
		};
/* End PBXProject section */

/* Begin PBXResourcesBuildPhase section */
		97F6266326C6AD33001786F2 /* Resources */ = {
			isa = PBXResourcesBuildPhase;
			buildActionMask = 2147483647;
			files = (
				97F6267526C6AD35001786F2 /* LaunchScreen.storyboard in Resources */,
				97F6267226C6AD35001786F2 /* Assets.xcassets in Resources */,
				97F6267026C6AD33001786F2 /* Main.storyboard in Resources */,
				97FC942226E6A9E4000046BE /* loadingIndicatorView.xib in Resources */,
			);
			runOnlyForDeploymentPostprocessing = 0;
		};
/* End PBXResourcesBuildPhase section */

/* Begin PBXSourcesBuildPhase section */
		97F6266126C6AD33001786F2 /* Sources */ = {
			isa = PBXSourcesBuildPhase;
			buildActionMask = 2147483647;
			files = (
				9702BB3E26D61073009EC1A2 /* DefaultTableDataProtocol.swift in Sources */,
				9702BB4326D69E70009EC1A2 /* GalleryCollectionViewCell.swift in Sources */,
				97F6266D26C6AD33001786F2 /* LoginViewController.swift in Sources */,
				9702BAC226CC791C009EC1A2 /* GroupTableViewController.swift in Sources */,
				9702BAC026CC78F4009EC1A2 /* FriendTableViewController.swift in Sources */,
				975C833226D99667001A8D80 /* UIViewClip.swift in Sources */,
				97FC943A26EAB1E6000046BE /* PhotoSliderViewController.swift in Sources */,
				9702BB3626D56BDB009EC1A2 /* Group.swift in Sources */,
				97F6266926C6AD33001786F2 /* AppDelegate.swift in Sources */,
				975C832E26D9701D001A8D80 /* FriendTableViewCell.swift in Sources */,
				975C833026D992A9001A8D80 /* UIViewShadow.swift in Sources */,
				97F6266B26C6AD33001786F2 /* SceneDelegate.swift in Sources */,
				9702BAC626CC79C7009EC1A2 /* GalleryCollectionViewController.swift in Sources */,
				9702BB3B26D58466009EC1A2 /* UITableViewControllerExtension.swift in Sources */,
				97FC942826E6C219000046BE /* UIColor.swift in Sources */,
				9702BAC426CC794F009EC1A2 /* GroupSearchTableViewController.swift in Sources */,
				9702BB4026D6262F009EC1A2 /* Friend.swift in Sources */,
				97FC942A26E81758000046BE /* UIImageView.swift in Sources */,
				97FC942426E6AB2C000046BE /* loadingIndicatorView.swift in Sources */,
				975C833726E404B8001A8D80 /* GroupTableHeader.swift in Sources */,
			);
			runOnlyForDeploymentPostprocessing = 0;
		};
/* End PBXSourcesBuildPhase section */

/* Begin PBXVariantGroup section */
		97F6266E26C6AD33001786F2 /* Main.storyboard */ = {
			isa = PBXVariantGroup;
			children = (
				97F6266F26C6AD33001786F2 /* Base */,
			);
			name = Main.storyboard;
			sourceTree = "<group>";
		};
		97F6267326C6AD35001786F2 /* LaunchScreen.storyboard */ = {
			isa = PBXVariantGroup;
			children = (
				97F6267426C6AD35001786F2 /* Base */,
			);
			name = LaunchScreen.storyboard;
			sourceTree = "<group>";
		};
/* End PBXVariantGroup section */

/* Begin XCBuildConfiguration section */
		97F6267726C6AD35001786F2 /* Debug */ = {
			isa = XCBuildConfiguration;
			buildSettings = {
				ALWAYS_SEARCH_USER_PATHS = NO;
				CLANG_ANALYZER_NONNULL = YES;
				CLANG_ANALYZER_NUMBER_OBJECT_CONVERSION = YES_AGGRESSIVE;
				CLANG_CXX_LANGUAGE_STANDARD = "gnu++14";
				CLANG_CXX_LIBRARY = "libc++";
				CLANG_ENABLE_MODULES = YES;
				CLANG_ENABLE_OBJC_ARC = YES;
				CLANG_ENABLE_OBJC_WEAK = YES;
				CLANG_WARN_BLOCK_CAPTURE_AUTORELEASING = YES;
				CLANG_WARN_BOOL_CONVERSION = YES;
				CLANG_WARN_COMMA = YES;
				CLANG_WARN_CONSTANT_CONVERSION = YES;
				CLANG_WARN_DEPRECATED_OBJC_IMPLEMENTATIONS = YES;
				CLANG_WARN_DIRECT_OBJC_ISA_USAGE = YES_ERROR;
				CLANG_WARN_DOCUMENTATION_COMMENTS = YES;
				CLANG_WARN_EMPTY_BODY = YES;
				CLANG_WARN_ENUM_CONVERSION = YES;
				CLANG_WARN_INFINITE_RECURSION = YES;
				CLANG_WARN_INT_CONVERSION = YES;
				CLANG_WARN_NON_LITERAL_NULL_CONVERSION = YES;
				CLANG_WARN_OBJC_IMPLICIT_RETAIN_SELF = YES;
				CLANG_WARN_OBJC_LITERAL_CONVERSION = YES;
				CLANG_WARN_OBJC_ROOT_CLASS = YES_ERROR;
				CLANG_WARN_QUOTED_INCLUDE_IN_FRAMEWORK_HEADER = YES;
				CLANG_WARN_RANGE_LOOP_ANALYSIS = YES;
				CLANG_WARN_STRICT_PROTOTYPES = YES;
				CLANG_WARN_SUSPICIOUS_MOVE = YES;
				CLANG_WARN_UNGUARDED_AVAILABILITY = YES_AGGRESSIVE;
				CLANG_WARN_UNREACHABLE_CODE = YES;
				CLANG_WARN__DUPLICATE_METHOD_MATCH = YES;
				COPY_PHASE_STRIP = NO;
				DEBUG_INFORMATION_FORMAT = dwarf;
				ENABLE_STRICT_OBJC_MSGSEND = YES;
				ENABLE_TESTABILITY = YES;
				GCC_C_LANGUAGE_STANDARD = gnu11;
				GCC_DYNAMIC_NO_PIC = NO;
				GCC_NO_COMMON_BLOCKS = YES;
				GCC_OPTIMIZATION_LEVEL = 0;
				GCC_PREPROCESSOR_DEFINITIONS = (
					"DEBUG=1",
					"$(inherited)",
				);
				GCC_WARN_64_TO_32_BIT_CONVERSION = YES;
				GCC_WARN_ABOUT_RETURN_TYPE = YES_ERROR;
				GCC_WARN_UNDECLARED_SELECTOR = YES;
				GCC_WARN_UNINITIALIZED_AUTOS = YES_AGGRESSIVE;
				GCC_WARN_UNUSED_FUNCTION = YES;
				GCC_WARN_UNUSED_VARIABLE = YES;
				IPHONEOS_DEPLOYMENT_TARGET = 14.5;
				MTL_ENABLE_DEBUG_INFO = INCLUDE_SOURCE;
				MTL_FAST_MATH = YES;
				ONLY_ACTIVE_ARCH = YES;
				SDKROOT = iphoneos;
				SWIFT_ACTIVE_COMPILATION_CONDITIONS = DEBUG;
				SWIFT_OPTIMIZATION_LEVEL = "-Onone";
			};
			name = Debug;
		};
		97F6267826C6AD35001786F2 /* Release */ = {
			isa = XCBuildConfiguration;
			buildSettings = {
				ALWAYS_SEARCH_USER_PATHS = NO;
				CLANG_ANALYZER_NONNULL = YES;
				CLANG_ANALYZER_NUMBER_OBJECT_CONVERSION = YES_AGGRESSIVE;
				CLANG_CXX_LANGUAGE_STANDARD = "gnu++14";
				CLANG_CXX_LIBRARY = "libc++";
				CLANG_ENABLE_MODULES = YES;
				CLANG_ENABLE_OBJC_ARC = YES;
				CLANG_ENABLE_OBJC_WEAK = YES;
				CLANG_WARN_BLOCK_CAPTURE_AUTORELEASING = YES;
				CLANG_WARN_BOOL_CONVERSION = YES;
				CLANG_WARN_COMMA = YES;
				CLANG_WARN_CONSTANT_CONVERSION = YES;
				CLANG_WARN_DEPRECATED_OBJC_IMPLEMENTATIONS = YES;
				CLANG_WARN_DIRECT_OBJC_ISA_USAGE = YES_ERROR;
				CLANG_WARN_DOCUMENTATION_COMMENTS = YES;
				CLANG_WARN_EMPTY_BODY = YES;
				CLANG_WARN_ENUM_CONVERSION = YES;
				CLANG_WARN_INFINITE_RECURSION = YES;
				CLANG_WARN_INT_CONVERSION = YES;
				CLANG_WARN_NON_LITERAL_NULL_CONVERSION = YES;
				CLANG_WARN_OBJC_IMPLICIT_RETAIN_SELF = YES;
				CLANG_WARN_OBJC_LITERAL_CONVERSION = YES;
				CLANG_WARN_OBJC_ROOT_CLASS = YES_ERROR;
				CLANG_WARN_QUOTED_INCLUDE_IN_FRAMEWORK_HEADER = YES;
				CLANG_WARN_RANGE_LOOP_ANALYSIS = YES;
				CLANG_WARN_STRICT_PROTOTYPES = YES;
				CLANG_WARN_SUSPICIOUS_MOVE = YES;
				CLANG_WARN_UNGUARDED_AVAILABILITY = YES_AGGRESSIVE;
				CLANG_WARN_UNREACHABLE_CODE = YES;
				CLANG_WARN__DUPLICATE_METHOD_MATCH = YES;
				COPY_PHASE_STRIP = NO;
				DEBUG_INFORMATION_FORMAT = "dwarf-with-dsym";
				ENABLE_NS_ASSERTIONS = NO;
				ENABLE_STRICT_OBJC_MSGSEND = YES;
				GCC_C_LANGUAGE_STANDARD = gnu11;
				GCC_NO_COMMON_BLOCKS = YES;
				GCC_WARN_64_TO_32_BIT_CONVERSION = YES;
				GCC_WARN_ABOUT_RETURN_TYPE = YES_ERROR;
				GCC_WARN_UNDECLARED_SELECTOR = YES;
				GCC_WARN_UNINITIALIZED_AUTOS = YES_AGGRESSIVE;
				GCC_WARN_UNUSED_FUNCTION = YES;
				GCC_WARN_UNUSED_VARIABLE = YES;
				IPHONEOS_DEPLOYMENT_TARGET = 14.5;
				MTL_ENABLE_DEBUG_INFO = NO;
				MTL_FAST_MATH = YES;
				SDKROOT = iphoneos;
				SWIFT_COMPILATION_MODE = wholemodule;
				SWIFT_OPTIMIZATION_LEVEL = "-O";
				VALIDATE_PRODUCT = YES;
			};
			name = Release;
		};
		97F6267A26C6AD35001786F2 /* Debug */ = {
			isa = XCBuildConfiguration;
			buildSettings = {
				ASSETCATALOG_COMPILER_APPICON_NAME = AppIcon;
				ASSETCATALOG_COMPILER_GLOBAL_ACCENT_COLOR_NAME = AccentColor;
				CODE_SIGN_STYLE = Automatic;
				INFOPLIST_FILE = app/Info.plist;
				LD_RUNPATH_SEARCH_PATHS = (
					"$(inherited)",
					"@executable_path/Frameworks",
				);
				PRODUCT_BUNDLE_IDENTIFIER = kozhemin.app;
				PRODUCT_NAME = "$(TARGET_NAME)";
				SWIFT_VERSION = 5.0;
				TARGETED_DEVICE_FAMILY = "1,2";
			};
			name = Debug;
		};
		97F6267B26C6AD35001786F2 /* Release */ = {
			isa = XCBuildConfiguration;
			buildSettings = {
				ASSETCATALOG_COMPILER_APPICON_NAME = AppIcon;
				ASSETCATALOG_COMPILER_GLOBAL_ACCENT_COLOR_NAME = AccentColor;
				CODE_SIGN_STYLE = Automatic;
				INFOPLIST_FILE = app/Info.plist;
				LD_RUNPATH_SEARCH_PATHS = (
					"$(inherited)",
					"@executable_path/Frameworks",
				);
				PRODUCT_BUNDLE_IDENTIFIER = kozhemin.app;
				PRODUCT_NAME = "$(TARGET_NAME)";
				SWIFT_VERSION = 5.0;
				TARGETED_DEVICE_FAMILY = "1,2";
			};
			name = Release;
		};
/* End XCBuildConfiguration section */

/* Begin XCConfigurationList section */
		97F6266026C6AD33001786F2 /* Build configuration list for PBXProject "app" */ = {
			isa = XCConfigurationList;
			buildConfigurations = (
				97F6267726C6AD35001786F2 /* Debug */,
				97F6267826C6AD35001786F2 /* Release */,
			);
			defaultConfigurationIsVisible = 0;
			defaultConfigurationName = Release;
		};
		97F6267926C6AD35001786F2 /* Build configuration list for PBXNativeTarget "app" */ = {
			isa = XCConfigurationList;
			buildConfigurations = (
				97F6267A26C6AD35001786F2 /* Debug */,
				97F6267B26C6AD35001786F2 /* Release */,
			);
			defaultConfigurationIsVisible = 0;
			defaultConfigurationName = Release;
		};
/* End XCConfigurationList section */
	};
	rootObject = 97F6265D26C6AD33001786F2 /* Project object */;
}
